// !$*UTF8*$!
{
	archiveVersion = 1;
	classes = {
	};
	objectVersion = 50;
	objects = {

/* Begin PBXBuildFile section */
		22FC4C0424EFDBD300EB367E /* AppDelegate.swift in Sources */ = {isa = PBXBuildFile; fileRef = 22FC4C0324EFDBD300EB367E /* AppDelegate.swift */; };
		22FC4C0624EFDBD300EB367E /* SceneDelegate.swift in Sources */ = {isa = PBXBuildFile; fileRef = 22FC4C0524EFDBD300EB367E /* SceneDelegate.swift */; };
		22FC4C0824EFDBD300EB367E /* ViewController.swift in Sources */ = {isa = PBXBuildFile; fileRef = 22FC4C0724EFDBD300EB367E /* ViewController.swift */; };
		22FC4C0B24EFDBD300EB367E /* Main.storyboard in Resources */ = {isa = PBXBuildFile; fileRef = 22FC4C0924EFDBD300EB367E /* Main.storyboard */; };
		22FC4C0D24EFDBDA00EB367E /* Assets.xcassets in Resources */ = {isa = PBXBuildFile; fileRef = 22FC4C0C24EFDBDA00EB367E /* Assets.xcassets */; };
		22FC4C1024EFDBDA00EB367E /* LaunchScreen.storyboard in Resources */ = {isa = PBXBuildFile; fileRef = 22FC4C0E24EFDBDA00EB367E /* LaunchScreen.storyboard */; };
/* End PBXBuildFile section */

/* Begin PBXFileReference section */
		22FC4C0024EFDBD300EB367E /* transfer.app */ = {isa = PBXFileReference; explicitFileType = wrapper.application; includeInIndex = 0; path = transfer.app; sourceTree = BUILT_PRODUCTS_DIR; };
		22FC4C0324EFDBD300EB367E /* AppDelegate.swift */ = {isa = PBXFileReference; lastKnownFileType = sourcecode.swift; path = AppDelegate.swift; sourceTree = "<group>"; };
		22FC4C0524EFDBD300EB367E /* SceneDelegate.swift */ = {isa = PBXFileReference; lastKnownFileType = sourcecode.swift; path = SceneDelegate.swift; sourceTree = "<group>"; };
		22FC4C0724EFDBD300EB367E /* ViewController.swift */ = {isa = PBXFileReference; lastKnownFileType = sourcecode.swift; path = ViewController.swift; sourceTree = "<group>"; };
		22FC4C0A24EFDBD300EB367E /* Base */ = {isa = PBXFileReference; lastKnownFileType = file.storyboard; name = Base; path = Base.lproj/Main.storyboard; sourceTree = "<group>"; };
		22FC4C0C24EFDBDA00EB367E /* Assets.xcassets */ = {isa = PBXFileReference; lastKnownFileType = folder.assetcatalog; path = Assets.xcassets; sourceTree = "<group>"; };
		22FC4C0F24EFDBDA00EB367E /* Base */ = {isa = PBXFileReference; lastKnownFileType = file.storyboard; name = Base; path = Base.lproj/LaunchScreen.storyboard; sourceTree = "<group>"; };
		22FC4C1124EFDBDA00EB367E /* Info.plist */ = {isa = PBXFileReference; lastKnownFileType = text.plist.xml; path = Info.plist; sourceTree = "<group>"; };
/* End PBXFileReference section */

/* Begin PBXFrameworksBuildPhase section */
		22FC4BFD24EFDBD300EB367E /* Frameworks */ = {
			isa = PBXFrameworksBuildPhase;
			buildActionMask = 2147483647;
			files = (
			);
			runOnlyForDeploymentPostprocessing = 0;
		};
/* End PBXFrameworksBuildPhase section */

/* Begin PBXGroup section */
		22FC4BF724EFDBD300EB367E = {
			isa = PBXGroup;
			children = (
				22FC4C0224EFDBD300EB367E /* transfer */,
				22FC4C0124EFDBD300EB367E /* Products */,
			);
			sourceTree = "<group>";
		};
		22FC4C0124EFDBD300EB367E /* Products */ = {
			isa = PBXGroup;
			children = (
				22FC4C0024EFDBD300EB367E /* transfer.app */,
			);
			name = Products;
			sourceTree = "<group>";
		};
		22FC4C0224EFDBD300EB367E /* transfer */ = {
			isa = PBXGroup;
			children = (
				22FC4C0324EFDBD300EB367E /* AppDelegate.swift */,
				22FC4C0524EFDBD300EB367E /* SceneDelegate.swift */,
				22FC4C0724EFDBD300EB367E /* ViewController.swift */,
				22FC4C0924EFDBD300EB367E /* Main.storyboard */,
				22FC4C0C24EFDBDA00EB367E /* Assets.xcassets */,
				22FC4C0E24EFDBDA00EB367E /* LaunchScreen.storyboard */,
				22FC4C1124EFDBDA00EB367E /* Info.plist */,
			);
			path = transfer;
			sourceTree = "<group>";
		};
/* End PBXGroup section */

/* Begin PBXNativeTarget section */
		22FC4BFF24EFDBD300EB367E /* transfer */ = {
			isa = PBXNativeTarget;
			buildConfigurationList = 22FC4C1424EFDBDA00EB367E /* Build configuration list for PBXNativeTarget "transfer" */;
			buildPhases = (
				22FC4BFC24EFDBD300EB367E /* Sources */,
				22FC4BFD24EFDBD300EB367E /* Frameworks */,
				22FC4BFE24EFDBD300EB367E /* Resources */,
			);
			buildRules = (
			);
			dependencies = (
			);
			name = transfer;
			productName = transfer;
			productReference = 22FC4C0024EFDBD300EB367E /* transfer.app */;
			productType = "com.apple.product-type.application";
		};
/* End PBXNativeTarget section */

/* Begin PBXProject section */
		22FC4BF824EFDBD300EB367E /* Project object */ = {
			isa = PBXProject;
			attributes = {
				LastSwiftUpdateCheck = 1150;
				LastUpgradeCheck = 1150;
				ORGANIZATIONNAME = huy;
				TargetAttributes = {
					22FC4BFF24EFDBD300EB367E = {
						CreatedOnToolsVersion = 11.5;
					};
				};
			};
			buildConfigurationList = 22FC4BFB24EFDBD300EB367E /* Build configuration list for PBXProject "transfer" */;
			compatibilityVersion = "Xcode 9.3";
			developmentRegion = en;
			hasScannedForEncodings = 0;
			knownRegions = (
				en,
				Base,
			);
			mainGroup = 22FC4BF724EFDBD300EB367E;
			productRefGroup = 22FC4C0124EFDBD300EB367E /* Products */;
			projectDirPath = "";
			projectRoot = "";
			targets = (
				22FC4BFF24EFDBD300EB367E /* transfer */,
			);
		};
/* End PBXProject section */

/* Begin PBXResourcesBuildPhase section */
		22FC4BFE24EFDBD300EB367E /* Resources */ = {
			isa = PBXResourcesBuildPhase;
			buildActionMask = 2147483647;
			files = (
				22FC4C1024EFDBDA00EB367E /* LaunchScreen.storyboard in Resources */,
				22FC4C0D24EFDBDA00EB367E /* Assets.xcassets in Resources */,
				22FC4C0B24EFDBD300EB367E /* Main.storyboard in Resources */,
			);
			runOnlyForDeploymentPostprocessing = 0;
		};
/* End PBXResourcesBuildPhase section */

/* Begin PBXSourcesBuildPhase section */
		22FC4BFC24EFDBD300EB367E /* Sources */ = {
			isa = PBXSourcesBuildPhase;
			buildActionMask = 2147483647;
			files = (
				22FC4C0824EFDBD300EB367E /* ViewController.swift in Sources */,
				22FC4C0424EFDBD300EB367E /* AppDelegate.swift in Sources */,
				22FC4C0624EFDBD300EB367E /* SceneDelegate.swift in Sources */,
			);
			runOnlyForDeploymentPostprocessing = 0;
		};
/* End PBXSourcesBuildPhase section */

/* Begin PBXVariantGroup section */
		22FC4C0924EFDBD300EB367E /* Main.storyboard */ = {
			isa = PBXVariantGroup;
			children = (
				22FC4C0A24EFDBD300EB367E /* Base */,
			);
			name = Main.storyboard;
			sourceTree = "<group>";
		};
		22FC4C0E24EFDBDA00EB367E /* LaunchScreen.storyboard */ = {
			isa = PBXVariantGroup;
			children = (
				22FC4C0F24EFDBDA00EB367E /* Base */,
			);
			name = LaunchScreen.storyboard;
			sourceTree = "<group>";
		};
/* End PBXVariantGroup section */

/* Begin XCBuildConfiguration section */
		22FC4C1224EFDBDA00EB367E /* Debug */ = {
			isa = XCBuildConfiguration;
			buildSettings = {
				ALWAYS_SEARCH_USER_PATHS = NO;
				CLANG_ANALYZER_NONNULL = YES;
				CLANG_ANALYZER_NUMBER_OBJECT_CONVERSION = YES_AGGRESSIVE;
				CLANG_CXX_LANGUAGE_STANDARD = "gnu++14";
				CLANG_CXX_LIBRARY = "libc++";
				CLANG_ENABLE_MODULES = YES;
				CLANG_ENABLE_OBJC_ARC = YES;
				CLANG_ENABLE_OBJC_WEAK = YES;
				CLANG_WARN_BLOCK_CAPTURE_AUTORELEASING = YES;
				CLANG_WARN_BOOL_CONVERSION = YES;
				CLANG_WARN_COMMA = YES;
				CLANG_WARN_CONSTANT_CONVERSION = YES;
				CLANG_WARN_DEPRECATED_OBJC_IMPLEMENTATIONS = YES;
				CLANG_WARN_DIRECT_OBJC_ISA_USAGE = YES_ERROR;
				CLANG_WARN_DOCUMENTATION_COMMENTS = YES;
				CLANG_WARN_EMPTY_BODY = YES;
				CLANG_WARN_ENUM_CONVERSION = YES;
				CLANG_WARN_INFINITE_RECURSION = YES;
				CLANG_WARN_INT_CONVERSION = YES;
				CLANG_WARN_NON_LITERAL_NULL_CONVERSION = YES;
				CLANG_WARN_OBJC_IMPLICIT_RETAIN_SELF = YES;
				CLANG_WARN_OBJC_LITERAL_CONVERSION = YES;
				CLANG_WARN_OBJC_ROOT_CLASS = YES_ERROR;
				CLANG_WARN_RANGE_LOOP_ANALYSIS = YES;
				CLANG_WARN_STRICT_PROTOTYPES = YES;
				CLANG_WARN_SUSPICIOUS_MOVE = YES;
				CLANG_WARN_UNGUARDED_AVAILABILITY = YES_AGGRESSIVE;
				CLANG_WARN_UNREACHABLE_CODE = YES;
				CLANG_WARN__DUPLICATE_METHOD_MATCH = YES;
				COPY_PHASE_STRIP = NO;
				DEBUG_INFORMATION_FORMAT = dwarf;
				ENABLE_STRICT_OBJC_MSGSEND = YES;
				ENABLE_TESTABILITY = YES;
				GCC_C_LANGUAGE_STANDARD = gnu11;
				GCC_DYNAMIC_NO_PIC = NO;
				GCC_NO_COMMON_BLOCKS = YES;
				GCC_OPTIMIZATION_LEVEL = 0;
				GCC_PREPROCESSOR_DEFINITIONS = (
					"DEBUG=1",
					"$(inherited)",
				);
				GCC_WARN_64_TO_32_BIT_CONVERSION = YES;
				GCC_WARN_ABOUT_RETURN_TYPE = YES_ERROR;
				GCC_WARN_UNDECLARED_SELECTOR = YES;
				GCC_WARN_UNINITIALIZED_AUTOS = YES_AGGRESSIVE;
				GCC_WARN_UNUSED_FUNCTION = YES;
				GCC_WARN_UNUSED_VARIABLE = YES;
				IPHONEOS_DEPLOYMENT_TARGET = 13.5;
				MTL_ENABLE_DEBUG_INFO = INCLUDE_SOURCE;
				MTL_FAST_MATH = YES;
				ONLY_ACTIVE_ARCH = YES;
				SDKROOT = iphoneos;
				SWIFT_ACTIVE_COMPILATION_CONDITIONS = DEBUG;
				SWIFT_OPTIMIZATION_LEVEL = "-Onone";
			};
			name = Debug;
		};
		22FC4C1324EFDBDA00EB367E /* Release */ = {
			isa = XCBuildConfiguration;
			buildSettings = {
				ALWAYS_SEARCH_USER_PATHS = NO;
				CLANG_ANALYZER_NONNULL = YES;
				CLANG_ANALYZER_NUMBER_OBJECT_CONVERSION = YES_AGGRESSIVE;
				CLANG_CXX_LANGUAGE_STANDARD = "gnu++14";
				CLANG_CXX_LIBRARY = "libc++";
				CLANG_ENABLE_MODULES = YES;
				CLANG_ENABLE_OBJC_ARC = YES;
				CLANG_ENABLE_OBJC_WEAK = YES;
				CLANG_WARN_BLOCK_CAPTURE_AUTORELEASING = YES;
				CLANG_WARN_BOOL_CONVERSION = YES;
				CLANG_WARN_COMMA = YES;
				CLANG_WARN_CONSTANT_CONVERSION = YES;
				CLANG_WARN_DEPRECATED_OBJC_IMPLEMENTATIONS = YES;
				CLANG_WARN_DIRECT_OBJC_ISA_USAGE = YES_ERROR;
				CLANG_WARN_DOCUMENTATION_COMMENTS = YES;
				CLANG_WARN_EMPTY_BODY = YES;
				CLANG_WARN_ENUM_CONVERSION = YES;
				CLANG_WARN_INFINITE_RECURSION = YES;
				CLANG_WARN_INT_CONVERSION = YES;
				CLANG_WARN_NON_LITERAL_NULL_CONVERSION = YES;
				CLANG_WARN_OBJC_IMPLICIT_RETAIN_SELF = YES;
				CLANG_WARN_OBJC_LITERAL_CONVERSION = YES;
				CLANG_WARN_OBJC_ROOT_CLASS = YES_ERROR;
				CLANG_WARN_RANGE_LOOP_ANALYSIS = YES;
				CLANG_WARN_STRICT_PROTOTYPES = YES;
				CLANG_WARN_SUSPICIOUS_MOVE = YES;
				CLANG_WARN_UNGUARDED_AVAILABILITY = YES_AGGRESSIVE;
				CLANG_WARN_UNREACHABLE_CODE = YES;
				CLANG_WARN__DUPLICATE_METHOD_MATCH = YES;
				COPY_PHASE_STRIP = NO;
				DEBUG_INFORMATION_FORMAT = "dwarf-with-dsym";
				ENABLE_NS_ASSERTIONS = NO;
				ENABLE_STRICT_OBJC_MSGSEND = YES;
				GCC_C_LANGUAGE_STANDARD = gnu11;
				GCC_NO_COMMON_BLOCKS = YES;
				GCC_WARN_64_TO_32_BIT_CONVERSION = YES;
				GCC_WARN_ABOUT_RETURN_TYPE = YES_ERROR;
				GCC_WARN_UNDECLARED_SELECTOR = YES;
				GCC_WARN_UNINITIALIZED_AUTOS = YES_AGGRESSIVE;
				GCC_WARN_UNUSED_FUNCTION = YES;
				GCC_WARN_UNUSED_VARIABLE = YES;
				IPHONEOS_DEPLOYMENT_TARGET = 13.5;
				MTL_ENABLE_DEBUG_INFO = NO;
				MTL_FAST_MATH = YES;
				SDKROOT = iphoneos;
				SWIFT_COMPILATION_MODE = wholemodule;
				SWIFT_OPTIMIZATION_LEVEL = "-O";
				VALIDATE_PRODUCT = YES;
			};
			name = Release;
		};
		22FC4C1524EFDBDA00EB367E /* Debug */ = {
			isa = XCBuildConfiguration;
			buildSettings = {
				ASSETCATALOG_COMPILER_APPICON_NAME = AppIcon;
				CODE_SIGN_STYLE = Automatic;
				DEVELOPMENT_TEAM = 6P3XWQ9VNL;
				INFOPLIST_FILE = transfer/Info.plist;
				LD_RUNPATH_SEARCH_PATHS = (
					"$(inherited)",
					"@executable_path/Frameworks",
				);
				PRODUCT_BUNDLE_IDENTIFIER = huy.transfer;
				PRODUCT_NAME = "$(TARGET_NAME)";
				SWIFT_VERSION = 5.0;
				TARGETED_DEVICE_FAMILY = "1,2";
			};
			name = Debug;
		};
		22FC4C1624EFDBDA00EB367E /* Release */ = {
			isa = XCBuildConfiguration;
			buildSettings = {
				ASSETCATALOG_COMPILER_APPICON_NAME = AppIcon;
				CODE_SIGN_STYLE = Automatic;
				DEVELOPMENT_TEAM = 6P3XWQ9VNL;
				INFOPLIST_FILE = transfer/Info.plist;
				LD_RUNPATH_SEARCH_PATHS = (
					"$(inherited)",
					"@executable_path/Frameworks",
				);
				PRODUCT_BUNDLE_IDENTIFIER = huy.transfer;
				PRODUCT_NAME = "$(TARGET_NAME)";
				SWIFT_VERSION = 5.0;
				TARGETED_DEVICE_FAMILY = "1,2";
			};
			name = Release;
		};
/* End XCBuildConfiguration section */

/* Begin XCConfigurationList section */
		22FC4BFB24EFDBD300EB367E /* Build configuration list for PBXProject "transfer" */ = {
			isa = XCConfigurationList;
			buildConfigurations = (
				22FC4C1224EFDBDA00EB367E /* Debug */,
				22FC4C1324EFDBDA00EB367E /* Release */,
			);
			defaultConfigurationIsVisible = 0;
			defaultConfigurationName = Release;
		};
		22FC4C1424EFDBDA00EB367E /* Build configuration list for PBXNativeTarget "transfer" */ = {
			isa = XCConfigurationList;
			buildConfigurations = (
				22FC4C1524EFDBDA00EB367E /* Debug */,
				22FC4C1624EFDBDA00EB367E /* Release */,
			);
			defaultConfigurationIsVisible = 0;
			defaultConfigurationName = Release;
		};
/* End XCConfigurationList section */
	};
	rootObject = 22FC4BF824EFDBD300EB367E /* Project object */;
}
